
Microsoft Visual Studio Solution File, Format Version 12.00
# Visual Studio 15
VisualStudioVersion = 15.0.28307.168
MinimumVisualStudioVersion = 10.0.40219.1
Project("{FAE04EC0-301F-11D3-BF4B-00C04F79EFBC}") = "DescentHogFileReader", "DescentHogFileReader\DescentHogFileReader.csproj", "{781628C0-00D4-4280-B583-FD0312499AF7}"
EndProject
Global
	GlobalSection(SolutionConfigurationPlatforms) = preSolution
		Debug|Any CPU = Debug|Any CPU
		Release|Any CPU = Release|Any CPU
	EndGlobalSection
	GlobalSection(ProjectConfigurationPlatforms) = postSolution
		{781628C0-00D4-4280-B583-FD0312499AF7}.Debug|Any CPU.ActiveCfg = Debug|Any CPU
		{781628C0-00D4-4280-B583-FD0312499AF7}.Debug|Any CPU.Build.0 = Debug|Any CPU
		{781628C0-00D4-4280-B583-FD0312499AF7}.Release|Any CPU.ActiveCfg = Release|Any CPU
		{781628C0-00D4-4280-B583-FD0312499AF7}.Release|Any CPU.Build.0 = Release|Any CPU
	EndGlobalSection
	GlobalSection(SolutionProperties) = preSolution
		HideSolutionNode = FALSE
	EndGlobalSection
	GlobalSection(ExtensibilityGlobals) = postSolution
		SolutionGuid = {74E402FD-1C57-44DE-B0B5-BED53C74F39E}
	EndGlobalSection
EndGlobal
